
Microsoft Visual Studio Solution File, Format Version 12.00
# Visual Studio Version 17
VisualStudioVersion = 17.0.32112.339
MinimumVisualStudioVersion = 10.0.40219.1
Project("{9A19103F-16F7-4668-BE54-9A1E7A4F7556}") = "Domain", "Domain\Domain.csproj", "{72A17737-0E3B-4772-AC98-6E43AA971A06}"
EndProject
Project("{9A19103F-16F7-4668-BE54-9A1E7A4F7556}") = "Infrastructure", "Infrastructure\Infrastructure.csproj", "{D9D3D335-38EE-4B0D-94E6-5D7FE52D7EA4}"
EndProject
Project("{9A19103F-16F7-4668-BE54-9A1E7A4F7556}") = "Application", "Application\Application.csproj", "{45A876EA-9CA3-4B37-9076-3791617F9B87}"
EndProject
Project("{9A19103F-16F7-4668-BE54-9A1E7A4F7556}") = "Tests", "Tests\Tests.csproj", "{AC04B641-BAFE-4A59-8D2B-29C71C8F8FA2}"
EndProject
Project("{9A19103F-16F7-4668-BE54-9A1E7A4F7556}") = "ConsoleInterface", "ConsoleInterface\ConsoleInterface.csproj", "{6725F1A9-CD59-45E7-B00A-4155A4B44194}"
EndProject
Project("{FAE04EC0-301F-11D3-BF4B-00C04F79EFBC}") = "Desktop", "Desktop\Desktop.csproj", "{17A12B04-EDE3-4B7E-81BC-E03CFEF0B186}"
EndProject
Global
	GlobalSection(SolutionConfigurationPlatforms) = preSolution
		Debug|Any CPU = Debug|Any CPU
		Release|Any CPU = Release|Any CPU
	EndGlobalSection
	GlobalSection(ProjectConfigurationPlatforms) = postSolution
		{72A17737-0E3B-4772-AC98-6E43AA971A06}.Debug|Any CPU.ActiveCfg = Debug|Any CPU
		{72A17737-0E3B-4772-AC98-6E43AA971A06}.Debug|Any CPU.Build.0 = Debug|Any CPU
		{72A17737-0E3B-4772-AC98-6E43AA971A06}.Release|Any CPU.ActiveCfg = Release|Any CPU
		{72A17737-0E3B-4772-AC98-6E43AA971A06}.Release|Any CPU.Build.0 = Release|Any CPU
		{D9D3D335-38EE-4B0D-94E6-5D7FE52D7EA4}.Debug|Any CPU.ActiveCfg = Debug|Any CPU
		{D9D3D335-38EE-4B0D-94E6-5D7FE52D7EA4}.Debug|Any CPU.Build.0 = Debug|Any CPU
		{D9D3D335-38EE-4B0D-94E6-5D7FE52D7EA4}.Release|Any CPU.ActiveCfg = Release|Any CPU
		{D9D3D335-38EE-4B0D-94E6-5D7FE52D7EA4}.Release|Any CPU.Build.0 = Release|Any CPU
		{45A876EA-9CA3-4B37-9076-3791617F9B87}.Debug|Any CPU.ActiveCfg = Debug|Any CPU
		{45A876EA-9CA3-4B37-9076-3791617F9B87}.Debug|Any CPU.Build.0 = Debug|Any CPU
		{45A876EA-9CA3-4B37-9076-3791617F9B87}.Release|Any CPU.ActiveCfg = Release|Any CPU
		{45A876EA-9CA3-4B37-9076-3791617F9B87}.Release|Any CPU.Build.0 = Release|Any CPU
		{AC04B641-BAFE-4A59-8D2B-29C71C8F8FA2}.Debug|Any CPU.ActiveCfg = Debug|Any CPU
		{AC04B641-BAFE-4A59-8D2B-29C71C8F8FA2}.Debug|Any CPU.Build.0 = Debug|Any CPU
		{AC04B641-BAFE-4A59-8D2B-29C71C8F8FA2}.Release|Any CPU.ActiveCfg = Release|Any CPU
		{AC04B641-BAFE-4A59-8D2B-29C71C8F8FA2}.Release|Any CPU.Build.0 = Release|Any CPU
		{6725F1A9-CD59-45E7-B00A-4155A4B44194}.Debug|Any CPU.ActiveCfg = Debug|Any CPU
		{6725F1A9-CD59-45E7-B00A-4155A4B44194}.Debug|Any CPU.Build.0 = Debug|Any CPU
		{6725F1A9-CD59-45E7-B00A-4155A4B44194}.Release|Any CPU.ActiveCfg = Release|Any CPU
		{6725F1A9-CD59-45E7-B00A-4155A4B44194}.Release|Any CPU.Build.0 = Release|Any CPU
		{17A12B04-EDE3-4B7E-81BC-E03CFEF0B186}.Debug|Any CPU.ActiveCfg = Debug|Any CPU
		{17A12B04-EDE3-4B7E-81BC-E03CFEF0B186}.Debug|Any CPU.Build.0 = Debug|Any CPU
		{17A12B04-EDE3-4B7E-81BC-E03CFEF0B186}.Release|Any CPU.ActiveCfg = Release|Any CPU
		{17A12B04-EDE3-4B7E-81BC-E03CFEF0B186}.Release|Any CPU.Build.0 = Release|Any CPU
	EndGlobalSection
	GlobalSection(SolutionProperties) = preSolution
		HideSolutionNode = FALSE
	EndGlobalSection
	GlobalSection(ExtensibilityGlobals) = postSolution
		SolutionGuid = {6377BFB3-6BF7-4AAE-ABA0-93F41A468882}
	EndGlobalSection
EndGlobal
